
Microsoft Visual Studio Solution File, Format Version 12.00
# Visual Studio Version 17
VisualStudioVersion = 17.8.34511.84
MinimumVisualStudioVersion = 10.0.40219.1
Project("{FAE04EC0-301F-11D3-BF4B-00C04F79EFBC}") = "SportAPI", "Parcial20240121100666\SportAPI.csproj", "{42E61621-3171-4210-8007-AD79FC3199F2}"
EndProject
Global
	GlobalSection(SolutionConfigurationPlatforms) = preSolution
		Debug|Any CPU = Debug|Any CPU
		Release|Any CPU = Release|Any CPU
	EndGlobalSection
	GlobalSection(ProjectConfigurationPlatforms) = postSolution
		{42E61621-3171-4210-8007-AD79FC3199F2}.Debug|Any CPU.ActiveCfg = Debug|Any CPU
		{42E61621-3171-4210-8007-AD79FC3199F2}.Debug|Any CPU.Build.0 = Debug|Any CPU
		{42E61621-3171-4210-8007-AD79FC3199F2}.Release|Any CPU.ActiveCfg = Release|Any CPU
		{42E61621-3171-4210-8007-AD79FC3199F2}.Release|Any CPU.Build.0 = Release|Any CPU
	EndGlobalSection
	GlobalSection(SolutionProperties) = preSolution
		HideSolutionNode = FALSE
	EndGlobalSection
	GlobalSection(ExtensibilityGlobals) = postSolution
		SolutionGuid = {87351BC0-ADC7-4DD2-8FFE-AAECC0820F40}
	EndGlobalSection
EndGlobal
